// !$*UTF8*$!
{
	archiveVersion = 1;
	classes = {
	};
	objectVersion = 56;
	objects = {

/* Begin PBXBuildFile section */
		044EC3A22C36CF7800D49617 /* AppDelegate.swift in Sources */ = {isa = PBXBuildFile; fileRef = 044EC3A12C36CF7800D49617 /* AppDelegate.swift */; };
		044EC3A42C36CF7800D49617 /* SceneDelegate.swift in Sources */ = {isa = PBXBuildFile; fileRef = 044EC3A32C36CF7800D49617 /* SceneDelegate.swift */; };
		044EC3A62C36CF7800D49617 /* HomeViewController.swift in Sources */ = {isa = PBXBuildFile; fileRef = 044EC3A52C36CF7800D49617 /* HomeViewController.swift */; };
		044EC3AC2C36CF7800D49617 /* TestReznikovaTetyana.xcdatamodeld in Sources */ = {isa = PBXBuildFile; fileRef = 044EC3AA2C36CF7800D49617 /* TestReznikovaTetyana.xcdatamodeld */; };
		044EC3AE2C36CF7A00D49617 /* Assets.xcassets in Resources */ = {isa = PBXBuildFile; fileRef = 044EC3AD2C36CF7A00D49617 /* Assets.xcassets */; };
		044EC3B12C36CF7A00D49617 /* Base in Resources */ = {isa = PBXBuildFile; fileRef = 044EC3B02C36CF7A00D49617 /* Base */; };
		044EC3B92C36D04300D49617 /* CardCollectionViewCell.swift in Sources */ = {isa = PBXBuildFile; fileRef = 044EC3B82C36D04300D49617 /* CardCollectionViewCell.swift */; };
		044EC3BB2C36D06B00D49617 /* HeaderCollectionView.swift in Sources */ = {isa = PBXBuildFile; fileRef = 044EC3BA2C36D06B00D49617 /* HeaderCollectionView.swift */; };
		044EC3BD2C36D08A00D49617 /* CustomDateView.swift in Sources */ = {isa = PBXBuildFile; fileRef = 044EC3BC2C36D08900D49617 /* CustomDateView.swift */; };
		044EC3BF2C36D0A400D49617 /* CustomPickerView.swift in Sources */ = {isa = PBXBuildFile; fileRef = 044EC3BE2C36D0A400D49617 /* CustomPickerView.swift */; };
		044EC3C12C36D0D200D49617 /* DetailImageViewController.swift in Sources */ = {isa = PBXBuildFile; fileRef = 044EC3C02C36D0D200D49617 /* DetailImageViewController.swift */; };
		044EC3C32C36D0F600D49617 /* ApiModel.swift in Sources */ = {isa = PBXBuildFile; fileRef = 044EC3C22C36D0F600D49617 /* ApiModel.swift */; };
		044EC3C52C36D11300D49617 /* NasaApi.swift in Sources */ = {isa = PBXBuildFile; fileRef = 044EC3C42C36D11300D49617 /* NasaApi.swift */; };
		044EC3C92C3752EE00D49617 /* HistoryCustomButton.swift in Sources */ = {isa = PBXBuildFile; fileRef = 044EC3C82C3752EE00D49617 /* HistoryCustomButton.swift */; };
		0461F94C2C7135FE00004A94 /* FormatterString.swift in Sources */ = {isa = PBXBuildFile; fileRef = 0461F94B2C7135FE00004A94 /* FormatterString.swift */; };
		0461F94E2C74BBB300004A94 /* ExtentionString.swift in Sources */ = {isa = PBXBuildFile; fileRef = 0461F94D2C74BBB300004A94 /* ExtentionString.swift */; };
		0461F9512C775DDE00004A94 /* SDWebImage in Frameworks */ = {isa = PBXBuildFile; productRef = 0461F9502C775DDE00004A94 /* SDWebImage */; };
		0461F9532C775DDE00004A94 /* SDWebImageMapKit in Frameworks */ = {isa = PBXBuildFile; productRef = 0461F9522C775DDE00004A94 /* SDWebImageMapKit */; };
		0461F9582C789F9D00004A94 /* SF-Pro.ttf in Resources */ = {isa = PBXBuildFile; fileRef = 0461F9572C789F9D00004A94 /* SF-Pro.ttf */; };
		0461F95A2C8790C200004A94 /* SF-Pro-Text-Bold.otf in Resources */ = {isa = PBXBuildFile; fileRef = 0461F9592C8790C200004A94 /* SF-Pro-Text-Bold.otf */; };
		046B6A9D2C3ADD9300FF3624 /* PickerModelView.swift in Sources */ = {isa = PBXBuildFile; fileRef = 046B6A9C2C3ADD9300FF3624 /* PickerModelView.swift */; };
		046D4BF62D086CC3008D91F5 /* EmptyView.swift in Sources */ = {isa = PBXBuildFile; fileRef = 046D4BF52D086CC3008D91F5 /* EmptyView.swift */; };
		047A5BF62C3BF9450023048E /* CustomButton.swift in Sources */ = {isa = PBXBuildFile; fileRef = 047A5BF52C3BF9450023048E /* CustomButton.swift */; };
		0484C8032C9615D3009739AD /* HomeView.swift in Sources */ = {isa = PBXBuildFile; fileRef = 0484C8022C9615D3009739AD /* HomeView.swift */; };
		0484C8052C9615E3009739AD /* HomeModel.swift in Sources */ = {isa = PBXBuildFile; fileRef = 0484C8042C9615E3009739AD /* HomeModel.swift */; };
		0484C8082C96161F009739AD /* DetailView.swift in Sources */ = {isa = PBXBuildFile; fileRef = 0484C8072C96161F009739AD /* DetailView.swift */; };
		0484C80A2C96162C009739AD /* DetailModel.swift in Sources */ = {isa = PBXBuildFile; fileRef = 0484C8092C96162C009739AD /* DetailModel.swift */; };
		0484C80F2C96DBD2009739AD /* HomeCellModel.swift in Sources */ = {isa = PBXBuildFile; fileRef = 0484C80E2C96DBD2009739AD /* HomeCellModel.swift */; };
		0484C8112C973F92009739AD /* NetworkMager.swift in Sources */ = {isa = PBXBuildFile; fileRef = 0484C8102C973F92009739AD /* NetworkMager.swift */; };
		0484C8132C9851E7009739AD /* HomeColletionViewDataSourse.swift in Sources */ = {isa = PBXBuildFile; fileRef = 0484C8122C9851E7009739AD /* HomeColletionViewDataSourse.swift */; };
		0484C8152C997A95009739AD /* ImageService.swift in Sources */ = {isa = PBXBuildFile; fileRef = 0484C8142C997A95009739AD /* ImageService.swift */; };
		04B9BBDA2C4FE2D600476F24 /* Alamofire in Frameworks */ = {isa = PBXBuildFile; productRef = 04B9BBD92C4FE2D600476F24 /* Alamofire */; };
		04B9BBDC2C4FE2D600476F24 /* AlamofireDynamic in Frameworks */ = {isa = PBXBuildFile; productRef = 04B9BBDB2C4FE2D600476F24 /* AlamofireDynamic */; };
		04EBCD372C90CA820072B7A8 /* PreloaderViewController.swift in Sources */ = {isa = PBXBuildFile; fileRef = 04EBCD362C90CA820072B7A8 /* PreloaderViewController.swift */; };
		04EBCD392C90CA980072B7A8 /* PreloaderView.swift in Sources */ = {isa = PBXBuildFile; fileRef = 04EBCD382C90CA980072B7A8 /* PreloaderView.swift */; };
		04EBCD3B2C90CAAB0072B7A8 /* PreloaderModel.swift in Sources */ = {isa = PBXBuildFile; fileRef = 04EBCD3A2C90CAAB0072B7A8 /* PreloaderModel.swift */; };
/* End PBXBuildFile section */

/* Begin PBXFileReference section */
		044EC39E2C36CF7800D49617 /* TestReznikovaTetyana.app */ = {isa = PBXFileReference; explicitFileType = wrapper.application; includeInIndex = 0; path = TestReznikovaTetyana.app; sourceTree = BUILT_PRODUCTS_DIR; };
		044EC3A12C36CF7800D49617 /* AppDelegate.swift */ = {isa = PBXFileReference; lastKnownFileType = sourcecode.swift; path = AppDelegate.swift; sourceTree = "<group>"; };
		044EC3A32C36CF7800D49617 /* SceneDelegate.swift */ = {isa = PBXFileReference; lastKnownFileType = sourcecode.swift; path = SceneDelegate.swift; sourceTree = "<group>"; };
		044EC3A52C36CF7800D49617 /* HomeViewController.swift */ = {isa = PBXFileReference; lastKnownFileType = sourcecode.swift; path = HomeViewController.swift; sourceTree = "<group>"; };
		044EC3AB2C36CF7800D49617 /* TestReznikovaTetyana.xcdatamodel */ = {isa = PBXFileReference; lastKnownFileType = wrapper.xcdatamodel; path = TestReznikovaTetyana.xcdatamodel; sourceTree = "<group>"; };
		044EC3AD2C36CF7A00D49617 /* Assets.xcassets */ = {isa = PBXFileReference; lastKnownFileType = folder.assetcatalog; path = Assets.xcassets; sourceTree = "<group>"; };
		044EC3B02C36CF7A00D49617 /* Base */ = {isa = PBXFileReference; lastKnownFileType = file.storyboard; name = Base; path = Base.lproj/LaunchScreen.storyboard; sourceTree = "<group>"; };
		044EC3B22C36CF7A00D49617 /* Info.plist */ = {isa = PBXFileReference; lastKnownFileType = text.plist.xml; path = Info.plist; sourceTree = "<group>"; };
		044EC3B82C36D04300D49617 /* CardCollectionViewCell.swift */ = {isa = PBXFileReference; lastKnownFileType = sourcecode.swift; path = CardCollectionViewCell.swift; sourceTree = "<group>"; };
		044EC3BA2C36D06B00D49617 /* HeaderCollectionView.swift */ = {isa = PBXFileReference; lastKnownFileType = sourcecode.swift; path = HeaderCollectionView.swift; sourceTree = "<group>"; };
		044EC3BC2C36D08900D49617 /* CustomDateView.swift */ = {isa = PBXFileReference; lastKnownFileType = sourcecode.swift; path = CustomDateView.swift; sourceTree = "<group>"; };
		044EC3BE2C36D0A400D49617 /* CustomPickerView.swift */ = {isa = PBXFileReference; lastKnownFileType = sourcecode.swift; path = CustomPickerView.swift; sourceTree = "<group>"; };
		044EC3C02C36D0D200D49617 /* DetailImageViewController.swift */ = {isa = PBXFileReference; lastKnownFileType = sourcecode.swift; path = DetailImageViewController.swift; sourceTree = "<group>"; };
		044EC3C22C36D0F600D49617 /* ApiModel.swift */ = {isa = PBXFileReference; lastKnownFileType = sourcecode.swift; path = ApiModel.swift; sourceTree = "<group>"; };
		044EC3C42C36D11300D49617 /* NasaApi.swift */ = {isa = PBXFileReference; lastKnownFileType = sourcecode.swift; path = NasaApi.swift; sourceTree = "<group>"; };
		044EC3C82C3752EE00D49617 /* HistoryCustomButton.swift */ = {isa = PBXFileReference; lastKnownFileType = sourcecode.swift; path = HistoryCustomButton.swift; sourceTree = "<group>"; };
		0461F94B2C7135FE00004A94 /* FormatterString.swift */ = {isa = PBXFileReference; lastKnownFileType = sourcecode.swift; path = FormatterString.swift; sourceTree = "<group>"; };
		0461F94D2C74BBB300004A94 /* ExtentionString.swift */ = {isa = PBXFileReference; lastKnownFileType = sourcecode.swift; path = ExtentionString.swift; sourceTree = "<group>"; };
		0461F9572C789F9D00004A94 /* SF-Pro.ttf */ = {isa = PBXFileReference; lastKnownFileType = file; path = "SF-Pro.ttf"; sourceTree = "<group>"; };
		0461F9592C8790C200004A94 /* SF-Pro-Text-Bold.otf */ = {isa = PBXFileReference; lastKnownFileType = file; path = "SF-Pro-Text-Bold.otf"; sourceTree = "<group>"; };
		046B6A9C2C3ADD9300FF3624 /* PickerModelView.swift */ = {isa = PBXFileReference; lastKnownFileType = sourcecode.swift; path = PickerModelView.swift; sourceTree = "<group>"; };
		046D4BF52D086CC3008D91F5 /* EmptyView.swift */ = {isa = PBXFileReference; lastKnownFileType = sourcecode.swift; path = EmptyView.swift; sourceTree = "<group>"; };
		047A5BF52C3BF9450023048E /* CustomButton.swift */ = {isa = PBXFileReference; lastKnownFileType = sourcecode.swift; path = CustomButton.swift; sourceTree = "<group>"; };
		0484C8022C9615D3009739AD /* HomeView.swift */ = {isa = PBXFileReference; lastKnownFileType = sourcecode.swift; path = HomeView.swift; sourceTree = "<group>"; };
		0484C8042C9615E3009739AD /* HomeModel.swift */ = {isa = PBXFileReference; lastKnownFileType = sourcecode.swift; path = HomeModel.swift; sourceTree = "<group>"; };
		0484C8072C96161F009739AD /* DetailView.swift */ = {isa = PBXFileReference; lastKnownFileType = sourcecode.swift; path = DetailView.swift; sourceTree = "<group>"; };
		0484C8092C96162C009739AD /* DetailModel.swift */ = {isa = PBXFileReference; lastKnownFileType = sourcecode.swift; path = DetailModel.swift; sourceTree = "<group>"; };
		0484C80E2C96DBD2009739AD /* HomeCellModel.swift */ = {isa = PBXFileReference; lastKnownFileType = sourcecode.swift; path = HomeCellModel.swift; sourceTree = "<group>"; };
		0484C8102C973F92009739AD /* NetworkMager.swift */ = {isa = PBXFileReference; lastKnownFileType = sourcecode.swift; path = NetworkMager.swift; sourceTree = "<group>"; };
		0484C8122C9851E7009739AD /* HomeColletionViewDataSourse.swift */ = {isa = PBXFileReference; lastKnownFileType = sourcecode.swift; path = HomeColletionViewDataSourse.swift; sourceTree = "<group>"; };
		0484C8142C997A95009739AD /* ImageService.swift */ = {isa = PBXFileReference; lastKnownFileType = sourcecode.swift; path = ImageService.swift; sourceTree = "<group>"; };
		04EBCD362C90CA820072B7A8 /* PreloaderViewController.swift */ = {isa = PBXFileReference; lastKnownFileType = sourcecode.swift; path = PreloaderViewController.swift; sourceTree = "<group>"; };
		04EBCD382C90CA980072B7A8 /* PreloaderView.swift */ = {isa = PBXFileReference; lastKnownFileType = sourcecode.swift; path = PreloaderView.swift; sourceTree = "<group>"; };
		04EBCD3A2C90CAAB0072B7A8 /* PreloaderModel.swift */ = {isa = PBXFileReference; lastKnownFileType = sourcecode.swift; path = PreloaderModel.swift; sourceTree = "<group>"; };
/* End PBXFileReference section */

/* Begin PBXFrameworksBuildPhase section */
		044EC39B2C36CF7800D49617 /* Frameworks */ = {
			isa = PBXFrameworksBuildPhase;
			buildActionMask = 2147483647;
			files = (
				0461F9512C775DDE00004A94 /* SDWebImage in Frameworks */,
				04B9BBDA2C4FE2D600476F24 /* Alamofire in Frameworks */,
				0461F9532C775DDE00004A94 /* SDWebImageMapKit in Frameworks */,
				04B9BBDC2C4FE2D600476F24 /* AlamofireDynamic in Frameworks */,
			);
			runOnlyForDeploymentPostprocessing = 0;
		};
/* End PBXFrameworksBuildPhase section */

/* Begin PBXGroup section */
		044EC3952C36CF7800D49617 = {
			isa = PBXGroup;
			children = (
				044EC3A02C36CF7800D49617 /* TestReznikovaTetyana */,
				044EC39F2C36CF7800D49617 /* Products */,
			);
			sourceTree = "<group>";
		};
		044EC39F2C36CF7800D49617 /* Products */ = {
			isa = PBXGroup;
			children = (
				044EC39E2C36CF7800D49617 /* TestReznikovaTetyana.app */,
			);
			name = Products;
			sourceTree = "<group>";
		};
		044EC3A02C36CF7800D49617 /* TestReznikovaTetyana */ = {
			isa = PBXGroup;
			children = (
				047A5BFC2C3BFA0F0023048E /* Aplication */,
				047A5BF82C3BF9A60023048E /* Controllers */,
				047A5BFB2C3BF9EA0023048E /* CustomCell */,
				047A5BF72C3BF96D0023048E /* CustomElements */,
				0484C80C2C961FC0009739AD /* Helpers */,
				047A5BFF2C3BFA3E0023048E /* Api */,
				047A5BF32C3BF8E50023048E /* Resources */,
				044EC3B22C36CF7A00D49617 /* Info.plist */,
				044EC3AA2C36CF7800D49617 /* TestReznikovaTetyana.xcdatamodeld */,
			);
			path = TestReznikovaTetyana;
			sourceTree = "<group>";
		};
		047A5BF32C3BF8E50023048E /* Resources */ = {
			isa = PBXGroup;
			children = (
				044EC3AD2C36CF7A00D49617 /* Assets.xcassets */,
				044EC3AF2C36CF7A00D49617 /* LaunchScreen.storyboard */,
				0461F9572C789F9D00004A94 /* SF-Pro.ttf */,
				0461F9592C8790C200004A94 /* SF-Pro-Text-Bold.otf */,
			);
			path = Resources;
			sourceTree = "<group>";
		};
		047A5BF72C3BF96D0023048E /* CustomElements */ = {
			isa = PBXGroup;
			children = (
				0484C80D2C962006009739AD /* CustomPicker */,
				047A5BF52C3BF9450023048E /* CustomButton.swift */,
				046D4BF52D086CC3008D91F5 /* EmptyView.swift */,
				044EC3BA2C36D06B00D49617 /* HeaderCollectionView.swift */,
				044EC3BC2C36D08900D49617 /* CustomDateView.swift */,
				044EC3C82C3752EE00D49617 /* HistoryCustomButton.swift */,
			);
			path = CustomElements;
			sourceTree = "<group>";
		};
		047A5BF82C3BF9A60023048E /* Controllers */ = {
			isa = PBXGroup;
			children = (
				04EBCD352C90CA1F0072B7A8 /* Preloader */,
				0484C8062C9615E9009739AD /* Home */,
				0484C80B2C96164B009739AD /* Detail */,
			);
			path = Controllers;
			sourceTree = "<group>";
		};
		047A5BFB2C3BF9EA0023048E /* CustomCell */ = {
			isa = PBXGroup;
			children = (
				044EC3B82C36D04300D49617 /* CardCollectionViewCell.swift */,
				0484C80E2C96DBD2009739AD /* HomeCellModel.swift */,
			);
			path = CustomCell;
			sourceTree = "<group>";
		};
		047A5BFC2C3BFA0F0023048E /* Aplication */ = {
			isa = PBXGroup;
			children = (
				044EC3A32C36CF7800D49617 /* SceneDelegate.swift */,
				044EC3A12C36CF7800D49617 /* AppDelegate.swift */,
			);
			path = Aplication;
			sourceTree = "<group>";
		};
		047A5BFF2C3BFA3E0023048E /* Api */ = {
			isa = PBXGroup;
			children = (
				044EC3C42C36D11300D49617 /* NasaApi.swift */,
				0484C8102C973F92009739AD /* NetworkMager.swift */,
				044EC3C22C36D0F600D49617 /* ApiModel.swift */,
			);
			path = Api;
			sourceTree = "<group>";
		};
		0484C8062C9615E9009739AD /* Home */ = {
			isa = PBXGroup;
			children = (
				044EC3A52C36CF7800D49617 /* HomeViewController.swift */,
				0484C8022C9615D3009739AD /* HomeView.swift */,
				0484C8042C9615E3009739AD /* HomeModel.swift */,
				0484C8122C9851E7009739AD /* HomeColletionViewDataSourse.swift */,
			);
			path = Home;
			sourceTree = "<group>";
		};
		0484C80B2C96164B009739AD /* Detail */ = {
			isa = PBXGroup;
			children = (
				044EC3C02C36D0D200D49617 /* DetailImageViewController.swift */,
				0484C8072C96161F009739AD /* DetailView.swift */,
				0484C8092C96162C009739AD /* DetailModel.swift */,
			);
			path = Detail;
			sourceTree = "<group>";
		};
		0484C80C2C961FC0009739AD /* Helpers */ = {
			isa = PBXGroup;
			children = (
				0484C8142C997A95009739AD /* ImageService.swift */,
				0461F94B2C7135FE00004A94 /* FormatterString.swift */,
				0461F94D2C74BBB300004A94 /* ExtentionString.swift */,
			);
			path = Helpers;
			sourceTree = "<group>";
		};
		0484C80D2C962006009739AD /* CustomPicker */ = {
			isa = PBXGroup;
			children = (
				044EC3BE2C36D0A400D49617 /* CustomPickerView.swift */,
				046B6A9C2C3ADD9300FF3624 /* PickerModelView.swift */,
			);
			path = CustomPicker;
			sourceTree = "<group>";
		};
		04EBCD352C90CA1F0072B7A8 /* Preloader */ = {
			isa = PBXGroup;
			children = (
				04EBCD362C90CA820072B7A8 /* PreloaderViewController.swift */,
				04EBCD382C90CA980072B7A8 /* PreloaderView.swift */,
				04EBCD3A2C90CAAB0072B7A8 /* PreloaderModel.swift */,
			);
			path = Preloader;
			sourceTree = "<group>";
		};
/* End PBXGroup section */

/* Begin PBXNativeTarget section */
		044EC39D2C36CF7800D49617 /* TestReznikovaTetyana */ = {
			isa = PBXNativeTarget;
			buildConfigurationList = 044EC3B52C36CF7A00D49617 /* Build configuration list for PBXNativeTarget "TestReznikovaTetyana" */;
			buildPhases = (
				044EC39A2C36CF7800D49617 /* Sources */,
				044EC39B2C36CF7800D49617 /* Frameworks */,
				044EC39C2C36CF7800D49617 /* Resources */,
			);
			buildRules = (
			);
			dependencies = (
			);
			name = TestReznikovaTetyana;
			packageProductDependencies = (
				04B9BBD92C4FE2D600476F24 /* Alamofire */,
				04B9BBDB2C4FE2D600476F24 /* AlamofireDynamic */,
				0461F9502C775DDE00004A94 /* SDWebImage */,
				0461F9522C775DDE00004A94 /* SDWebImageMapKit */,
			);
			productName = TestReznikovaTetyana;
			productReference = 044EC39E2C36CF7800D49617 /* TestReznikovaTetyana.app */;
			productType = "com.apple.product-type.application";
		};
/* End PBXNativeTarget section */

/* Begin PBXProject section */
		044EC3962C36CF7800D49617 /* Project object */ = {
			isa = PBXProject;
			attributes = {
				BuildIndependentTargetsInParallel = 1;
				LastSwiftUpdateCheck = 1530;
				LastUpgradeCheck = 1530;
				TargetAttributes = {
					044EC39D2C36CF7800D49617 = {
						CreatedOnToolsVersion = 15.3;
					};
				};
			};
			buildConfigurationList = 044EC3992C36CF7800D49617 /* Build configuration list for PBXProject "TestReznikovaTetyana" */;
			compatibilityVersion = "Xcode 14.0";
			developmentRegion = en;
			hasScannedForEncodings = 0;
			knownRegions = (
				en,
				Base,
			);
			mainGroup = 044EC3952C36CF7800D49617;
			packageReferences = (
				04B9BBD82C4FE2D600476F24 /* XCRemoteSwiftPackageReference "Alamofire" */,
				0461F94F2C775DDE00004A94 /* XCRemoteSwiftPackageReference "SDWebImage" */,
			);
			productRefGroup = 044EC39F2C36CF7800D49617 /* Products */;
			projectDirPath = "";
			projectRoot = "";
			targets = (
				044EC39D2C36CF7800D49617 /* TestReznikovaTetyana */,
			);
		};
/* End PBXProject section */

/* Begin PBXResourcesBuildPhase section */
		044EC39C2C36CF7800D49617 /* Resources */ = {
			isa = PBXResourcesBuildPhase;
			buildActionMask = 2147483647;
			files = (
				044EC3AE2C36CF7A00D49617 /* Assets.xcassets in Resources */,
				0461F9582C789F9D00004A94 /* SF-Pro.ttf in Resources */,
				0461F95A2C8790C200004A94 /* SF-Pro-Text-Bold.otf in Resources */,
				044EC3B12C36CF7A00D49617 /* Base in Resources */,
			);
			runOnlyForDeploymentPostprocessing = 0;
		};
/* End PBXResourcesBuildPhase section */

/* Begin PBXSourcesBuildPhase section */
		044EC39A2C36CF7800D49617 /* Sources */ = {
			isa = PBXSourcesBuildPhase;
			buildActionMask = 2147483647;
			files = (
				04EBCD372C90CA820072B7A8 /* PreloaderViewController.swift in Sources */,
				044EC3C52C36D11300D49617 /* NasaApi.swift in Sources */,
				0484C8152C997A95009739AD /* ImageService.swift in Sources */,
				046B6A9D2C3ADD9300FF3624 /* PickerModelView.swift in Sources */,
				044EC3BF2C36D0A400D49617 /* CustomPickerView.swift in Sources */,
				0484C80A2C96162C009739AD /* DetailModel.swift in Sources */,
				044EC3AC2C36CF7800D49617 /* TestReznikovaTetyana.xcdatamodeld in Sources */,
				0484C8082C96161F009739AD /* DetailView.swift in Sources */,
				044EC3BB2C36D06B00D49617 /* HeaderCollectionView.swift in Sources */,
				0484C80F2C96DBD2009739AD /* HomeCellModel.swift in Sources */,
				0461F94C2C7135FE00004A94 /* FormatterString.swift in Sources */,
				0484C8132C9851E7009739AD /* HomeColletionViewDataSourse.swift in Sources */,
				046D4BF62D086CC3008D91F5 /* EmptyView.swift in Sources */,
				044EC3C12C36D0D200D49617 /* DetailImageViewController.swift in Sources */,
				04EBCD3B2C90CAAB0072B7A8 /* PreloaderModel.swift in Sources */,
				044EC3C32C36D0F600D49617 /* ApiModel.swift in Sources */,
				044EC3C92C3752EE00D49617 /* HistoryCustomButton.swift in Sources */,
				044EC3A62C36CF7800D49617 /* HomeViewController.swift in Sources */,
				04EBCD392C90CA980072B7A8 /* PreloaderView.swift in Sources */,
				0484C8112C973F92009739AD /* NetworkMager.swift in Sources */,
				0484C8032C9615D3009739AD /* HomeView.swift in Sources */,
				044EC3A22C36CF7800D49617 /* AppDelegate.swift in Sources */,
				044EC3B92C36D04300D49617 /* CardCollectionViewCell.swift in Sources */,
				044EC3A42C36CF7800D49617 /* SceneDelegate.swift in Sources */,
				0484C8052C9615E3009739AD /* HomeModel.swift in Sources */,
				0461F94E2C74BBB300004A94 /* ExtentionString.swift in Sources */,
				044EC3BD2C36D08A00D49617 /* CustomDateView.swift in Sources */,
				047A5BF62C3BF9450023048E /* CustomButton.swift in Sources */,
			);
			runOnlyForDeploymentPostprocessing = 0;
		};
/* End PBXSourcesBuildPhase section */

/* Begin PBXVariantGroup section */
		044EC3AF2C36CF7A00D49617 /* LaunchScreen.storyboard */ = {
			isa = PBXVariantGroup;
			children = (
				044EC3B02C36CF7A00D49617 /* Base */,
			);
			name = LaunchScreen.storyboard;
			sourceTree = "<group>";
		};
/* End PBXVariantGroup section */

/* Begin XCBuildConfiguration section */
		044EC3B32C36CF7A00D49617 /* Debug */ = {
			isa = XCBuildConfiguration;
			buildSettings = {
				ALWAYS_SEARCH_USER_PATHS = NO;
				ASSETCATALOG_COMPILER_GENERATE_SWIFT_ASSET_SYMBOL_EXTENSIONS = YES;
				CLANG_ANALYZER_NONNULL = YES;
				CLANG_ANALYZER_NUMBER_OBJECT_CONVERSION = YES_AGGRESSIVE;
				CLANG_CXX_LANGUAGE_STANDARD = "gnu++20";
				CLANG_ENABLE_MODULES = YES;
				CLANG_ENABLE_OBJC_ARC = YES;
				CLANG_ENABLE_OBJC_WEAK = YES;
				CLANG_WARN_BLOCK_CAPTURE_AUTORELEASING = YES;
				CLANG_WARN_BOOL_CONVERSION = YES;
				CLANG_WARN_COMMA = YES;
				CLANG_WARN_CONSTANT_CONVERSION = YES;
				CLANG_WARN_DEPRECATED_OBJC_IMPLEMENTATIONS = YES;
				CLANG_WARN_DIRECT_OBJC_ISA_USAGE = YES_ERROR;
				CLANG_WARN_DOCUMENTATION_COMMENTS = YES;
				CLANG_WARN_EMPTY_BODY = YES;
				CLANG_WARN_ENUM_CONVERSION = YES;
				CLANG_WARN_INFINITE_RECURSION = YES;
				CLANG_WARN_INT_CONVERSION = YES;
				CLANG_WARN_NON_LITERAL_NULL_CONVERSION = YES;
				CLANG_WARN_OBJC_IMPLICIT_RETAIN_SELF = YES;
				CLANG_WARN_OBJC_LITERAL_CONVERSION = YES;
				CLANG_WARN_OBJC_ROOT_CLASS = YES_ERROR;
				CLANG_WARN_QUOTED_INCLUDE_IN_FRAMEWORK_HEADER = YES;
				CLANG_WARN_RANGE_LOOP_ANALYSIS = YES;
				CLANG_WARN_STRICT_PROTOTYPES = YES;
				CLANG_WARN_SUSPICIOUS_MOVE = YES;
				CLANG_WARN_UNGUARDED_AVAILABILITY = YES_AGGRESSIVE;
				CLANG_WARN_UNREACHABLE_CODE = YES;
				CLANG_WARN__DUPLICATE_METHOD_MATCH = YES;
				COPY_PHASE_STRIP = NO;
				DEBUG_INFORMATION_FORMAT = dwarf;
				ENABLE_STRICT_OBJC_MSGSEND = YES;
				ENABLE_TESTABILITY = YES;
				ENABLE_USER_SCRIPT_SANDBOXING = YES;
				GCC_C_LANGUAGE_STANDARD = gnu17;
				GCC_DYNAMIC_NO_PIC = NO;
				GCC_NO_COMMON_BLOCKS = YES;
				GCC_OPTIMIZATION_LEVEL = 0;
				GCC_PREPROCESSOR_DEFINITIONS = (
					"DEBUG=1",
					"$(inherited)",
				);
				GCC_WARN_64_TO_32_BIT_CONVERSION = YES;
				GCC_WARN_ABOUT_RETURN_TYPE = YES_ERROR;
				GCC_WARN_UNDECLARED_SELECTOR = YES;
				GCC_WARN_UNINITIALIZED_AUTOS = YES_AGGRESSIVE;
				GCC_WARN_UNUSED_FUNCTION = YES;
				GCC_WARN_UNUSED_VARIABLE = YES;
				IPHONEOS_DEPLOYMENT_TARGET = 17.4;
				LOCALIZATION_PREFERS_STRING_CATALOGS = YES;
				MTL_ENABLE_DEBUG_INFO = INCLUDE_SOURCE;
				MTL_FAST_MATH = YES;
				ONLY_ACTIVE_ARCH = YES;
				SDKROOT = iphoneos;
				SWIFT_ACTIVE_COMPILATION_CONDITIONS = "DEBUG $(inherited)";
				SWIFT_OPTIMIZATION_LEVEL = "-Onone";
			};
			name = Debug;
		};
		044EC3B42C36CF7A00D49617 /* Release */ = {
			isa = XCBuildConfiguration;
			buildSettings = {
				ALWAYS_SEARCH_USER_PATHS = NO;
				ASSETCATALOG_COMPILER_GENERATE_SWIFT_ASSET_SYMBOL_EXTENSIONS = YES;
				CLANG_ANALYZER_NONNULL = YES;
				CLANG_ANALYZER_NUMBER_OBJECT_CONVERSION = YES_AGGRESSIVE;
				CLANG_CXX_LANGUAGE_STANDARD = "gnu++20";
				CLANG_ENABLE_MODULES = YES;
				CLANG_ENABLE_OBJC_ARC = YES;
				CLANG_ENABLE_OBJC_WEAK = YES;
				CLANG_WARN_BLOCK_CAPTURE_AUTORELEASING = YES;
				CLANG_WARN_BOOL_CONVERSION = YES;
				CLANG_WARN_COMMA = YES;
				CLANG_WARN_CONSTANT_CONVERSION = YES;
				CLANG_WARN_DEPRECATED_OBJC_IMPLEMENTATIONS = YES;
				CLANG_WARN_DIRECT_OBJC_ISA_USAGE = YES_ERROR;
				CLANG_WARN_DOCUMENTATION_COMMENTS = YES;
				CLANG_WARN_EMPTY_BODY = YES;
				CLANG_WARN_ENUM_CONVERSION = YES;
				CLANG_WARN_INFINITE_RECURSION = YES;
				CLANG_WARN_INT_CONVERSION = YES;
				CLANG_WARN_NON_LITERAL_NULL_CONVERSION = YES;
				CLANG_WARN_OBJC_IMPLICIT_RETAIN_SELF = YES;
				CLANG_WARN_OBJC_LITERAL_CONVERSION = YES;
				CLANG_WARN_OBJC_ROOT_CLASS = YES_ERROR;
				CLANG_WARN_QUOTED_INCLUDE_IN_FRAMEWORK_HEADER = YES;
				CLANG_WARN_RANGE_LOOP_ANALYSIS = YES;
				CLANG_WARN_STRICT_PROTOTYPES = YES;
				CLANG_WARN_SUSPICIOUS_MOVE = YES;
				CLANG_WARN_UNGUARDED_AVAILABILITY = YES_AGGRESSIVE;
				CLANG_WARN_UNREACHABLE_CODE = YES;
				CLANG_WARN__DUPLICATE_METHOD_MATCH = YES;
				COPY_PHASE_STRIP = NO;
				DEBUG_INFORMATION_FORMAT = "dwarf-with-dsym";
				ENABLE_NS_ASSERTIONS = NO;
				ENABLE_STRICT_OBJC_MSGSEND = YES;
				ENABLE_USER_SCRIPT_SANDBOXING = YES;
				GCC_C_LANGUAGE_STANDARD = gnu17;
				GCC_NO_COMMON_BLOCKS = YES;
				GCC_WARN_64_TO_32_BIT_CONVERSION = YES;
				GCC_WARN_ABOUT_RETURN_TYPE = YES_ERROR;
				GCC_WARN_UNDECLARED_SELECTOR = YES;
				GCC_WARN_UNINITIALIZED_AUTOS = YES_AGGRESSIVE;
				GCC_WARN_UNUSED_FUNCTION = YES;
				GCC_WARN_UNUSED_VARIABLE = YES;
				IPHONEOS_DEPLOYMENT_TARGET = 17.4;
				LOCALIZATION_PREFERS_STRING_CATALOGS = YES;
				MTL_ENABLE_DEBUG_INFO = NO;
				MTL_FAST_MATH = YES;
				SDKROOT = iphoneos;
				SWIFT_COMPILATION_MODE = wholemodule;
				VALIDATE_PRODUCT = YES;
			};
			name = Release;
		};
		044EC3B62C36CF7A00D49617 /* Debug */ = {
			isa = XCBuildConfiguration;
			buildSettings = {
				ASSETCATALOG_COMPILER_APPICON_NAME = AppIcon;
				ASSETCATALOG_COMPILER_GLOBAL_ACCENT_COLOR_NAME = AccentColor;
				CODE_SIGN_STYLE = Automatic;
				CURRENT_PROJECT_VERSION = 1;
				GENERATE_INFOPLIST_FILE = YES;
				INFOPLIST_FILE = TestReznikovaTetyana/Info.plist;
				INFOPLIST_KEY_LSApplicationCategoryType = "";
				INFOPLIST_KEY_UIApplicationSupportsIndirectInputEvents = YES;
				INFOPLIST_KEY_UILaunchStoryboardName = LaunchScreen;
				INFOPLIST_KEY_UISupportedInterfaceOrientations_iPad = "UIInterfaceOrientationPortrait UIInterfaceOrientationPortraitUpsideDown UIInterfaceOrientationLandscapeLeft UIInterfaceOrientationLandscapeRight";
				INFOPLIST_KEY_UISupportedInterfaceOrientations_iPhone = "UIInterfaceOrientationPortrait UIInterfaceOrientationLandscapeLeft UIInterfaceOrientationLandscapeRight";
				LD_RUNPATH_SEARCH_PATHS = (
					"$(inherited)",
					"@executable_path/Frameworks",
				);
				MARKETING_VERSION = 1.0;
				PRODUCT_BUNDLE_IDENTIFIER = tatiana.TestReznikovaTetyana;
				PRODUCT_NAME = "$(TARGET_NAME)";
				SWIFT_EMIT_LOC_STRINGS = YES;
				SWIFT_VERSION = 5.0;
				TARGETED_DEVICE_FAMILY = "1,2";
			};
			name = Debug;
		};
		044EC3B72C36CF7A00D49617 /* Release */ = {
			isa = XCBuildConfiguration;
			buildSettings = {
				ASSETCATALOG_COMPILER_APPICON_NAME = AppIcon;
				ASSETCATALOG_COMPILER_GLOBAL_ACCENT_COLOR_NAME = AccentColor;
				CODE_SIGN_STYLE = Automatic;
				CURRENT_PROJECT_VERSION = 1;
				GENERATE_INFOPLIST_FILE = YES;
				INFOPLIST_FILE = TestReznikovaTetyana/Info.plist;
				INFOPLIST_KEY_LSApplicationCategoryType = "";
				INFOPLIST_KEY_UIApplicationSupportsIndirectInputEvents = YES;
				INFOPLIST_KEY_UILaunchStoryboardName = LaunchScreen;
				INFOPLIST_KEY_UISupportedInterfaceOrientations_iPad = "UIInterfaceOrientationPortrait UIInterfaceOrientationPortraitUpsideDown UIInterfaceOrientationLandscapeLeft UIInterfaceOrientationLandscapeRight";
				INFOPLIST_KEY_UISupportedInterfaceOrientations_iPhone = "UIInterfaceOrientationPortrait UIInterfaceOrientationLandscapeLeft UIInterfaceOrientationLandscapeRight";
				LD_RUNPATH_SEARCH_PATHS = (
					"$(inherited)",
					"@executable_path/Frameworks",
				);
				MARKETING_VERSION = 1.0;
				PRODUCT_BUNDLE_IDENTIFIER = tatiana.TestReznikovaTetyana;
				PRODUCT_NAME = "$(TARGET_NAME)";
				SWIFT_EMIT_LOC_STRINGS = YES;
				SWIFT_VERSION = 5.0;
				TARGETED_DEVICE_FAMILY = "1,2";
			};
			name = Release;
		};
/* End XCBuildConfiguration section */

/* Begin XCConfigurationList section */
		044EC3992C36CF7800D49617 /* Build configuration list for PBXProject "TestReznikovaTetyana" */ = {
			isa = XCConfigurationList;
			buildConfigurations = (
				044EC3B32C36CF7A00D49617 /* Debug */,
				044EC3B42C36CF7A00D49617 /* Release */,
			);
			defaultConfigurationIsVisible = 0;
			defaultConfigurationName = Release;
		};
		044EC3B52C36CF7A00D49617 /* Build configuration list for PBXNativeTarget "TestReznikovaTetyana" */ = {
			isa = XCConfigurationList;
			buildConfigurations = (
				044EC3B62C36CF7A00D49617 /* Debug */,
				044EC3B72C36CF7A00D49617 /* Release */,
			);
			defaultConfigurationIsVisible = 0;
			defaultConfigurationName = Release;
		};
/* End XCConfigurationList section */

/* Begin XCRemoteSwiftPackageReference section */
		0461F94F2C775DDE00004A94 /* XCRemoteSwiftPackageReference "SDWebImage" */ = {
			isa = XCRemoteSwiftPackageReference;
			repositoryURL = "https://github.com/SDWebImage/SDWebImage.git";
			requirement = {
				kind = upToNextMajorVersion;
				minimumVersion = 5.19.7;
			};
		};
		04B9BBD82C4FE2D600476F24 /* XCRemoteSwiftPackageReference "Alamofire" */ = {
			isa = XCRemoteSwiftPackageReference;
			repositoryURL = "https://github.com/Alamofire/Alamofire.git";
			requirement = {
				kind = upToNextMajorVersion;
				minimumVersion = 5.9.1;
			};
		};
/* End XCRemoteSwiftPackageReference section */

/* Begin XCSwiftPackageProductDependency section */
		0461F9502C775DDE00004A94 /* SDWebImage */ = {
			isa = XCSwiftPackageProductDependency;
			package = 0461F94F2C775DDE00004A94 /* XCRemoteSwiftPackageReference "SDWebImage" */;
			productName = SDWebImage;
		};
		0461F9522C775DDE00004A94 /* SDWebImageMapKit */ = {
			isa = XCSwiftPackageProductDependency;
			package = 0461F94F2C775DDE00004A94 /* XCRemoteSwiftPackageReference "SDWebImage" */;
			productName = SDWebImageMapKit;
		};
		04B9BBD92C4FE2D600476F24 /* Alamofire */ = {
			isa = XCSwiftPackageProductDependency;
			package = 04B9BBD82C4FE2D600476F24 /* XCRemoteSwiftPackageReference "Alamofire" */;
			productName = Alamofire;
		};
		04B9BBDB2C4FE2D600476F24 /* AlamofireDynamic */ = {
			isa = XCSwiftPackageProductDependency;
			package = 04B9BBD82C4FE2D600476F24 /* XCRemoteSwiftPackageReference "Alamofire" */;
			productName = AlamofireDynamic;
		};
/* End XCSwiftPackageProductDependency section */

/* Begin XCVersionGroup section */
		044EC3AA2C36CF7800D49617 /* TestReznikovaTetyana.xcdatamodeld */ = {
			isa = XCVersionGroup;
			children = (
				044EC3AB2C36CF7800D49617 /* TestReznikovaTetyana.xcdatamodel */,
			);
			currentVersion = 044EC3AB2C36CF7800D49617 /* TestReznikovaTetyana.xcdatamodel */;
			path = TestReznikovaTetyana.xcdatamodeld;
			sourceTree = "<group>";
			versionGroupType = wrapper.xcdatamodel;
		};
/* End XCVersionGroup section */
	};
	rootObject = 044EC3962C36CF7800D49617 /* Project object */;
}
