// !$*UTF8*$!
{
	archiveVersion = 1;
	classes = {
	};
	objectVersion = 56;
	objects = {

/* Begin PBXBuildFile section */
		044EC3A22C36CF7800D49617 /* AppDelegate.swift in Sources */ = {isa = PBXBuildFile; fileRef = 044EC3A12C36CF7800D49617 /* AppDelegate.swift */; };
		044EC3A42C36CF7800D49617 /* SceneDelegate.swift in Sources */ = {isa = PBXBuildFile; fileRef = 044EC3A32C36CF7800D49617 /* SceneDelegate.swift */; };
		044EC3A62C36CF7800D49617 /* HomeViewController.swift in Sources */ = {isa = PBXBuildFile; fileRef = 044EC3A52C36CF7800D49617 /* HomeViewController.swift */; };
		044EC3AC2C36CF7800D49617 /* TestReznikovaTetyana.xcdatamodeld in Sources */ = {isa = PBXBuildFile; fileRef = 044EC3AA2C36CF7800D49617 /* TestReznikovaTetyana.xcdatamodeld */; };
		044EC3AE2C36CF7A00D49617 /* Assets.xcassets in Resources */ = {isa = PBXBuildFile; fileRef = 044EC3AD2C36CF7A00D49617 /* Assets.xcassets */; };
		044EC3B12C36CF7A00D49617 /* Base in Resources */ = {isa = PBXBuildFile; fileRef = 044EC3B02C36CF7A00D49617 /* Base */; };
		044EC3B92C36D04300D49617 /* CardCollectionViewCell.swift in Sources */ = {isa = PBXBuildFile; fileRef = 044EC3B82C36D04300D49617 /* CardCollectionViewCell.swift */; };
		044EC3BB2C36D06B00D49617 /* HeaderCollectionView.swift in Sources */ = {isa = PBXBuildFile; fileRef = 044EC3BA2C36D06B00D49617 /* HeaderCollectionView.swift */; };
		044EC3BD2C36D08A00D49617 /* CustomDateView.swift in Sources */ = {isa = PBXBuildFile; fileRef = 044EC3BC2C36D08900D49617 /* CustomDateView.swift */; };
		044EC3BF2C36D0A400D49617 /* CustomPickerView.swift in Sources */ = {isa = PBXBuildFile; fileRef = 044EC3BE2C36D0A400D49617 /* CustomPickerView.swift */; };
		044EC3C12C36D0D200D49617 /* DetailImageViewController.swift in Sources */ = {isa = PBXBuildFile; fileRef = 044EC3C02C36D0D200D49617 /* DetailImageViewController.swift */; };
		044EC3C32C36D0F600D49617 /* ApiModel.swift in Sources */ = {isa = PBXBuildFile; fileRef = 044EC3C22C36D0F600D49617 /* ApiModel.swift */; };
		044EC3C52C36D11300D49617 /* NasaApi.swift in Sources */ = {isa = PBXBuildFile; fileRef = 044EC3C42C36D11300D49617 /* NasaApi.swift */; };
		044EC3C72C374DF900D49617 /* ImageCache.swift in Sources */ = {isa = PBXBuildFile; fileRef = 044EC3C62C374DF900D49617 /* ImageCache.swift */; };
		044EC3C92C3752EE00D49617 /* HistoryCustomButton.swift in Sources */ = {isa = PBXBuildFile; fileRef = 044EC3C82C3752EE00D49617 /* HistoryCustomButton.swift */; };
		046B6A9D2C3ADD9300FF3624 /* PickerModelView.swift in Sources */ = {isa = PBXBuildFile; fileRef = 046B6A9C2C3ADD9300FF3624 /* PickerModelView.swift */; };
		047A5BF62C3BF9450023048E /* CustomButton.swift in Sources */ = {isa = PBXBuildFile; fileRef = 047A5BF52C3BF9450023048E /* CustomButton.swift */; };
		047A5C012C3BFC8D0023048E /* CustomColors.swift in Sources */ = {isa = PBXBuildFile; fileRef = 047A5C002C3BFC8D0023048E /* CustomColors.swift */; };
/* End PBXBuildFile section */

/* Begin PBXFileReference section */
		044EC39E2C36CF7800D49617 /* TestReznikovaTetyana.app */ = {isa = PBXFileReference; explicitFileType = wrapper.application; includeInIndex = 0; path = TestReznikovaTetyana.app; sourceTree = BUILT_PRODUCTS_DIR; };
		044EC3A12C36CF7800D49617 /* AppDelegate.swift */ = {isa = PBXFileReference; lastKnownFileType = sourcecode.swift; path = AppDelegate.swift; sourceTree = "<group>"; };
		044EC3A32C36CF7800D49617 /* SceneDelegate.swift */ = {isa = PBXFileReference; lastKnownFileType = sourcecode.swift; path = SceneDelegate.swift; sourceTree = "<group>"; };
		044EC3A52C36CF7800D49617 /* HomeViewController.swift */ = {isa = PBXFileReference; lastKnownFileType = sourcecode.swift; path = HomeViewController.swift; sourceTree = "<group>"; };
		044EC3AB2C36CF7800D49617 /* TestReznikovaTetyana.xcdatamodel */ = {isa = PBXFileReference; lastKnownFileType = wrapper.xcdatamodel; path = TestReznikovaTetyana.xcdatamodel; sourceTree = "<group>"; };
		044EC3AD2C36CF7A00D49617 /* Assets.xcassets */ = {isa = PBXFileReference; lastKnownFileType = folder.assetcatalog; path = Assets.xcassets; sourceTree = "<group>"; };
		044EC3B02C36CF7A00D49617 /* Base */ = {isa = PBXFileReference; lastKnownFileType = file.storyboard; name = Base; path = Base.lproj/LaunchScreen.storyboard; sourceTree = "<group>"; };
		044EC3B22C36CF7A00D49617 /* Info.plist */ = {isa = PBXFileReference; lastKnownFileType = text.plist.xml; path = Info.plist; sourceTree = "<group>"; };
		044EC3B82C36D04300D49617 /* CardCollectionViewCell.swift */ = {isa = PBXFileReference; lastKnownFileType = sourcecode.swift; path = CardCollectionViewCell.swift; sourceTree = "<group>"; };
		044EC3BA2C36D06B00D49617 /* HeaderCollectionView.swift */ = {isa = PBXFileReference; lastKnownFileType = sourcecode.swift; path = HeaderCollectionView.swift; sourceTree = "<group>"; };
		044EC3BC2C36D08900D49617 /* CustomDateView.swift */ = {isa = PBXFileReference; lastKnownFileType = sourcecode.swift; path = CustomDateView.swift; sourceTree = "<group>"; };
		044EC3BE2C36D0A400D49617 /* CustomPickerView.swift */ = {isa = PBXFileReference; lastKnownFileType = sourcecode.swift; path = CustomPickerView.swift; sourceTree = "<group>"; };
		044EC3C02C36D0D200D49617 /* DetailImageViewController.swift */ = {isa = PBXFileReference; lastKnownFileType = sourcecode.swift; path = DetailImageViewController.swift; sourceTree = "<group>"; };
		044EC3C22C36D0F600D49617 /* ApiModel.swift */ = {isa = PBXFileReference; lastKnownFileType = sourcecode.swift; path = ApiModel.swift; sourceTree = "<group>"; };
		044EC3C42C36D11300D49617 /* NasaApi.swift */ = {isa = PBXFileReference; lastKnownFileType = sourcecode.swift; path = NasaApi.swift; sourceTree = "<group>"; };
		044EC3C62C374DF900D49617 /* ImageCache.swift */ = {isa = PBXFileReference; lastKnownFileType = sourcecode.swift; path = ImageCache.swift; sourceTree = "<group>"; };
		044EC3C82C3752EE00D49617 /* HistoryCustomButton.swift */ = {isa = PBXFileReference; lastKnownFileType = sourcecode.swift; path = HistoryCustomButton.swift; sourceTree = "<group>"; };
		046B6A9C2C3ADD9300FF3624 /* PickerModelView.swift */ = {isa = PBXFileReference; lastKnownFileType = sourcecode.swift; path = PickerModelView.swift; sourceTree = "<group>"; };
		047A5BF52C3BF9450023048E /* CustomButton.swift */ = {isa = PBXFileReference; lastKnownFileType = sourcecode.swift; path = CustomButton.swift; sourceTree = "<group>"; };
		047A5C002C3BFC8D0023048E /* CustomColors.swift */ = {isa = PBXFileReference; lastKnownFileType = sourcecode.swift; path = CustomColors.swift; sourceTree = "<group>"; };
/* End PBXFileReference section */

/* Begin PBXFrameworksBuildPhase section */
		044EC39B2C36CF7800D49617 /* Frameworks */ = {
			isa = PBXFrameworksBuildPhase;
			buildActionMask = 2147483647;
			files = (
			);
			runOnlyForDeploymentPostprocessing = 0;
		};
/* End PBXFrameworksBuildPhase section */

/* Begin PBXGroup section */
		044EC3952C36CF7800D49617 = {
			isa = PBXGroup;
			children = (
				044EC3A02C36CF7800D49617 /* TestReznikovaTetyana */,
				044EC39F2C36CF7800D49617 /* Products */,
			);
			sourceTree = "<group>";
		};
		044EC39F2C36CF7800D49617 /* Products */ = {
			isa = PBXGroup;
			children = (
				044EC39E2C36CF7800D49617 /* TestReznikovaTetyana.app */,
			);
			name = Products;
			sourceTree = "<group>";
		};
		044EC3A02C36CF7800D49617 /* TestReznikovaTetyana */ = {
			isa = PBXGroup;
			children = (
				047A5BFC2C3BFA0F0023048E /* Aplication */,
				047A5BF82C3BF9A60023048E /* Controllers */,
				047A5BFB2C3BF9EA0023048E /* CustomCell */,
				047A5BF72C3BF96D0023048E /* CustomElements */,
				047A5BFF2C3BFA3E0023048E /* Api */,
				047A5BF42C3BF9030023048E /* Model */,
				047A5BF32C3BF8E50023048E /* Resources */,
				044EC3B22C36CF7A00D49617 /* Info.plist */,
				044EC3AA2C36CF7800D49617 /* TestReznikovaTetyana.xcdatamodeld */,
			);
			path = TestReznikovaTetyana;
			sourceTree = "<group>";
		};
		047A5BF32C3BF8E50023048E /* Resources */ = {
			isa = PBXGroup;
			children = (
				044EC3AD2C36CF7A00D49617 /* Assets.xcassets */,
				044EC3AF2C36CF7A00D49617 /* LaunchScreen.storyboard */,
			);
			path = Resources;
			sourceTree = "<group>";
		};
		047A5BF42C3BF9030023048E /* Model */ = {
			isa = PBXGroup;
			children = (
				044EC3C22C36D0F600D49617 /* ApiModel.swift */,
				046B6A9C2C3ADD9300FF3624 /* PickerModelView.swift */,
			);
			path = Model;
			sourceTree = "<group>";
		};
		047A5BF72C3BF96D0023048E /* CustomElements */ = {
			isa = PBXGroup;
			children = (
				047A5C002C3BFC8D0023048E /* CustomColors.swift */,
				047A5BF52C3BF9450023048E /* CustomButton.swift */,
				044EC3BA2C36D06B00D49617 /* HeaderCollectionView.swift */,
				044EC3BC2C36D08900D49617 /* CustomDateView.swift */,
				044EC3BE2C36D0A400D49617 /* CustomPickerView.swift */,
				044EC3C82C3752EE00D49617 /* HistoryCustomButton.swift */,
			);
			path = CustomElements;
			sourceTree = "<group>";
		};
		047A5BF82C3BF9A60023048E /* Controllers */ = {
			isa = PBXGroup;
			children = (
				044EC3A52C36CF7800D49617 /* HomeViewController.swift */,
				044EC3C02C36D0D200D49617 /* DetailImageViewController.swift */,
			);
			path = Controllers;
			sourceTree = "<group>";
		};
		047A5BFB2C3BF9EA0023048E /* CustomCell */ = {
			isa = PBXGroup;
			children = (
				044EC3B82C36D04300D49617 /* CardCollectionViewCell.swift */,
			);
			path = CustomCell;
			sourceTree = "<group>";
		};
		047A5BFC2C3BFA0F0023048E /* Aplication */ = {
			isa = PBXGroup;
			children = (
				044EC3A32C36CF7800D49617 /* SceneDelegate.swift */,
				044EC3A12C36CF7800D49617 /* AppDelegate.swift */,
			);
			path = Aplication;
			sourceTree = "<group>";
		};
		047A5BFF2C3BFA3E0023048E /* Api */ = {
			isa = PBXGroup;
			children = (
				044EC3C42C36D11300D49617 /* NasaApi.swift */,
				044EC3C62C374DF900D49617 /* ImageCache.swift */,
			);
			path = Api;
			sourceTree = "<group>";
		};
/* End PBXGroup section */

/* Begin PBXNativeTarget section */
		044EC39D2C36CF7800D49617 /* TestReznikovaTetyana */ = {
			isa = PBXNativeTarget;
			buildConfigurationList = 044EC3B52C36CF7A00D49617 /* Build configuration list for PBXNativeTarget "TestReznikovaTetyana" */;
			buildPhases = (
				044EC39A2C36CF7800D49617 /* Sources */,
				044EC39B2C36CF7800D49617 /* Frameworks */,
				044EC39C2C36CF7800D49617 /* Resources */,
			);
			buildRules = (
			);
			dependencies = (
			);
			name = TestReznikovaTetyana;
			productName = TestReznikovaTetyana;
			productReference = 044EC39E2C36CF7800D49617 /* TestReznikovaTetyana.app */;
			productType = "com.apple.product-type.application";
		};
/* End PBXNativeTarget section */

/* Begin PBXProject section */
		044EC3962C36CF7800D49617 /* Project object */ = {
			isa = PBXProject;
			attributes = {
				BuildIndependentTargetsInParallel = 1;
				LastSwiftUpdateCheck = 1530;
				LastUpgradeCheck = 1530;
				TargetAttributes = {
					044EC39D2C36CF7800D49617 = {
						CreatedOnToolsVersion = 15.3;
					};
				};
			};
			buildConfigurationList = 044EC3992C36CF7800D49617 /* Build configuration list for PBXProject "TestReznikovaTetyana" */;
			compatibilityVersion = "Xcode 14.0";
			developmentRegion = en;
			hasScannedForEncodings = 0;
			knownRegions = (
				en,
				Base,
			);
			mainGroup = 044EC3952C36CF7800D49617;
			productRefGroup = 044EC39F2C36CF7800D49617 /* Products */;
			projectDirPath = "";
			projectRoot = "";
			targets = (
				044EC39D2C36CF7800D49617 /* TestReznikovaTetyana */,
			);
		};
/* End PBXProject section */

/* Begin PBXResourcesBuildPhase section */
		044EC39C2C36CF7800D49617 /* Resources */ = {
			isa = PBXResourcesBuildPhase;
			buildActionMask = 2147483647;
			files = (
				044EC3AE2C36CF7A00D49617 /* Assets.xcassets in Resources */,
				044EC3B12C36CF7A00D49617 /* Base in Resources */,
			);
			runOnlyForDeploymentPostprocessing = 0;
		};
/* End PBXResourcesBuildPhase section */

/* Begin PBXSourcesBuildPhase section */
		044EC39A2C36CF7800D49617 /* Sources */ = {
			isa = PBXSourcesBuildPhase;
			buildActionMask = 2147483647;
			files = (
				044EC3C52C36D11300D49617 /* NasaApi.swift in Sources */,
				044EC3C72C374DF900D49617 /* ImageCache.swift in Sources */,
				046B6A9D2C3ADD9300FF3624 /* PickerModelView.swift in Sources */,
				044EC3BF2C36D0A400D49617 /* CustomPickerView.swift in Sources */,
				044EC3AC2C36CF7800D49617 /* TestReznikovaTetyana.xcdatamodeld in Sources */,
				044EC3BB2C36D06B00D49617 /* HeaderCollectionView.swift in Sources */,
				044EC3C12C36D0D200D49617 /* DetailImageViewController.swift in Sources */,
				044EC3C32C36D0F600D49617 /* ApiModel.swift in Sources */,
				044EC3C92C3752EE00D49617 /* HistoryCustomButton.swift in Sources */,
				044EC3A62C36CF7800D49617 /* HomeViewController.swift in Sources */,
				047A5C012C3BFC8D0023048E /* CustomColors.swift in Sources */,
				044EC3A22C36CF7800D49617 /* AppDelegate.swift in Sources */,
				044EC3B92C36D04300D49617 /* CardCollectionViewCell.swift in Sources */,
				044EC3A42C36CF7800D49617 /* SceneDelegate.swift in Sources */,
				044EC3BD2C36D08A00D49617 /* CustomDateView.swift in Sources */,
				047A5BF62C3BF9450023048E /* CustomButton.swift in Sources */,
			);
			runOnlyForDeploymentPostprocessing = 0;
		};
/* End PBXSourcesBuildPhase section */

/* Begin PBXVariantGroup section */
		044EC3AF2C36CF7A00D49617 /* LaunchScreen.storyboard */ = {
			isa = PBXVariantGroup;
			children = (
				044EC3B02C36CF7A00D49617 /* Base */,
			);
			name = LaunchScreen.storyboard;
			sourceTree = "<group>";
		};
/* End PBXVariantGroup section */

/* Begin XCBuildConfiguration section */
		044EC3B32C36CF7A00D49617 /* Debug */ = {
			isa = XCBuildConfiguration;
			buildSettings = {
				ALWAYS_SEARCH_USER_PATHS = NO;
				ASSETCATALOG_COMPILER_GENERATE_SWIFT_ASSET_SYMBOL_EXTENSIONS = YES;
				CLANG_ANALYZER_NONNULL = YES;
				CLANG_ANALYZER_NUMBER_OBJECT_CONVERSION = YES_AGGRESSIVE;
				CLANG_CXX_LANGUAGE_STANDARD = "gnu++20";
				CLANG_ENABLE_MODULES = YES;
				CLANG_ENABLE_OBJC_ARC = YES;
				CLANG_ENABLE_OBJC_WEAK = YES;
				CLANG_WARN_BLOCK_CAPTURE_AUTORELEASING = YES;
				CLANG_WARN_BOOL_CONVERSION = YES;
				CLANG_WARN_COMMA = YES;
				CLANG_WARN_CONSTANT_CONVERSION = YES;
				CLANG_WARN_DEPRECATED_OBJC_IMPLEMENTATIONS = YES;
				CLANG_WARN_DIRECT_OBJC_ISA_USAGE = YES_ERROR;
				CLANG_WARN_DOCUMENTATION_COMMENTS = YES;
				CLANG_WARN_EMPTY_BODY = YES;
				CLANG_WARN_ENUM_CONVERSION = YES;
				CLANG_WARN_INFINITE_RECURSION = YES;
				CLANG_WARN_INT_CONVERSION = YES;
				CLANG_WARN_NON_LITERAL_NULL_CONVERSION = YES;
				CLANG_WARN_OBJC_IMPLICIT_RETAIN_SELF = YES;
				CLANG_WARN_OBJC_LITERAL_CONVERSION = YES;
				CLANG_WARN_OBJC_ROOT_CLASS = YES_ERROR;
				CLANG_WARN_QUOTED_INCLUDE_IN_FRAMEWORK_HEADER = YES;
				CLANG_WARN_RANGE_LOOP_ANALYSIS = YES;
				CLANG_WARN_STRICT_PROTOTYPES = YES;
				CLANG_WARN_SUSPICIOUS_MOVE = YES;
				CLANG_WARN_UNGUARDED_AVAILABILITY = YES_AGGRESSIVE;
				CLANG_WARN_UNREACHABLE_CODE = YES;
				CLANG_WARN__DUPLICATE_METHOD_MATCH = YES;
				COPY_PHASE_STRIP = NO;
				DEBUG_INFORMATION_FORMAT = dwarf;
				ENABLE_STRICT_OBJC_MSGSEND = YES;
				ENABLE_TESTABILITY = YES;
				ENABLE_USER_SCRIPT_SANDBOXING = YES;
				GCC_C_LANGUAGE_STANDARD = gnu17;
				GCC_DYNAMIC_NO_PIC = NO;
				GCC_NO_COMMON_BLOCKS = YES;
				GCC_OPTIMIZATION_LEVEL = 0;
				GCC_PREPROCESSOR_DEFINITIONS = (
					"DEBUG=1",
					"$(inherited)",
				);
				GCC_WARN_64_TO_32_BIT_CONVERSION = YES;
				GCC_WARN_ABOUT_RETURN_TYPE = YES_ERROR;
				GCC_WARN_UNDECLARED_SELECTOR = YES;
				GCC_WARN_UNINITIALIZED_AUTOS = YES_AGGRESSIVE;
				GCC_WARN_UNUSED_FUNCTION = YES;
				GCC_WARN_UNUSED_VARIABLE = YES;
				IPHONEOS_DEPLOYMENT_TARGET = 17.4;
				LOCALIZATION_PREFERS_STRING_CATALOGS = YES;
				MTL_ENABLE_DEBUG_INFO = INCLUDE_SOURCE;
				MTL_FAST_MATH = YES;
				ONLY_ACTIVE_ARCH = YES;
				SDKROOT = iphoneos;
				SWIFT_ACTIVE_COMPILATION_CONDITIONS = "DEBUG $(inherited)";
				SWIFT_OPTIMIZATION_LEVEL = "-Onone";
			};
			name = Debug;
		};
		044EC3B42C36CF7A00D49617 /* Release */ = {
			isa = XCBuildConfiguration;
			buildSettings = {
				ALWAYS_SEARCH_USER_PATHS = NO;
				ASSETCATALOG_COMPILER_GENERATE_SWIFT_ASSET_SYMBOL_EXTENSIONS = YES;
				CLANG_ANALYZER_NONNULL = YES;
				CLANG_ANALYZER_NUMBER_OBJECT_CONVERSION = YES_AGGRESSIVE;
				CLANG_CXX_LANGUAGE_STANDARD = "gnu++20";
				CLANG_ENABLE_MODULES = YES;
				CLANG_ENABLE_OBJC_ARC = YES;
				CLANG_ENABLE_OBJC_WEAK = YES;
				CLANG_WARN_BLOCK_CAPTURE_AUTORELEASING = YES;
				CLANG_WARN_BOOL_CONVERSION = YES;
				CLANG_WARN_COMMA = YES;
				CLANG_WARN_CONSTANT_CONVERSION = YES;
				CLANG_WARN_DEPRECATED_OBJC_IMPLEMENTATIONS = YES;
				CLANG_WARN_DIRECT_OBJC_ISA_USAGE = YES_ERROR;
				CLANG_WARN_DOCUMENTATION_COMMENTS = YES;
				CLANG_WARN_EMPTY_BODY = YES;
				CLANG_WARN_ENUM_CONVERSION = YES;
				CLANG_WARN_INFINITE_RECURSION = YES;
				CLANG_WARN_INT_CONVERSION = YES;
				CLANG_WARN_NON_LITERAL_NULL_CONVERSION = YES;
				CLANG_WARN_OBJC_IMPLICIT_RETAIN_SELF = YES;
				CLANG_WARN_OBJC_LITERAL_CONVERSION = YES;
				CLANG_WARN_OBJC_ROOT_CLASS = YES_ERROR;
				CLANG_WARN_QUOTED_INCLUDE_IN_FRAMEWORK_HEADER = YES;
				CLANG_WARN_RANGE_LOOP_ANALYSIS = YES;
				CLANG_WARN_STRICT_PROTOTYPES = YES;
				CLANG_WARN_SUSPICIOUS_MOVE = YES;
				CLANG_WARN_UNGUARDED_AVAILABILITY = YES_AGGRESSIVE;
				CLANG_WARN_UNREACHABLE_CODE = YES;
				CLANG_WARN__DUPLICATE_METHOD_MATCH = YES;
				COPY_PHASE_STRIP = NO;
				DEBUG_INFORMATION_FORMAT = "dwarf-with-dsym";
				ENABLE_NS_ASSERTIONS = NO;
				ENABLE_STRICT_OBJC_MSGSEND = YES;
				ENABLE_USER_SCRIPT_SANDBOXING = YES;
				GCC_C_LANGUAGE_STANDARD = gnu17;
				GCC_NO_COMMON_BLOCKS = YES;
				GCC_WARN_64_TO_32_BIT_CONVERSION = YES;
				GCC_WARN_ABOUT_RETURN_TYPE = YES_ERROR;
				GCC_WARN_UNDECLARED_SELECTOR = YES;
				GCC_WARN_UNINITIALIZED_AUTOS = YES_AGGRESSIVE;
				GCC_WARN_UNUSED_FUNCTION = YES;
				GCC_WARN_UNUSED_VARIABLE = YES;
				IPHONEOS_DEPLOYMENT_TARGET = 17.4;
				LOCALIZATION_PREFERS_STRING_CATALOGS = YES;
				MTL_ENABLE_DEBUG_INFO = NO;
				MTL_FAST_MATH = YES;
				SDKROOT = iphoneos;
				SWIFT_COMPILATION_MODE = wholemodule;
				VALIDATE_PRODUCT = YES;
			};
			name = Release;
		};
		044EC3B62C36CF7A00D49617 /* Debug */ = {
			isa = XCBuildConfiguration;
			buildSettings = {
				ASSETCATALOG_COMPILER_APPICON_NAME = AppIcon;
				ASSETCATALOG_COMPILER_GLOBAL_ACCENT_COLOR_NAME = AccentColor;
				CODE_SIGN_STYLE = Automatic;
				CURRENT_PROJECT_VERSION = 1;
				GENERATE_INFOPLIST_FILE = YES;
				INFOPLIST_FILE = TestReznikovaTetyana/Info.plist;
				INFOPLIST_KEY_UIApplicationSupportsIndirectInputEvents = YES;
				INFOPLIST_KEY_UILaunchStoryboardName = LaunchScreen;
				INFOPLIST_KEY_UISupportedInterfaceOrientations_iPad = "UIInterfaceOrientationPortrait UIInterfaceOrientationPortraitUpsideDown UIInterfaceOrientationLandscapeLeft UIInterfaceOrientationLandscapeRight";
				INFOPLIST_KEY_UISupportedInterfaceOrientations_iPhone = "UIInterfaceOrientationPortrait UIInterfaceOrientationLandscapeLeft UIInterfaceOrientationLandscapeRight";
				LD_RUNPATH_SEARCH_PATHS = (
					"$(inherited)",
					"@executable_path/Frameworks",
				);
				MARKETING_VERSION = 1.0;
				PRODUCT_BUNDLE_IDENTIFIER = tatiana.TestReznikovaTetyana;
				PRODUCT_NAME = "$(TARGET_NAME)";
				SWIFT_EMIT_LOC_STRINGS = YES;
				SWIFT_VERSION = 5.0;
				TARGETED_DEVICE_FAMILY = "1,2";
			};
			name = Debug;
		};
		044EC3B72C36CF7A00D49617 /* Release */ = {
			isa = XCBuildConfiguration;
			buildSettings = {
				ASSETCATALOG_COMPILER_APPICON_NAME = AppIcon;
				ASSETCATALOG_COMPILER_GLOBAL_ACCENT_COLOR_NAME = AccentColor;
				CODE_SIGN_STYLE = Automatic;
				CURRENT_PROJECT_VERSION = 1;
				GENERATE_INFOPLIST_FILE = YES;
				INFOPLIST_FILE = TestReznikovaTetyana/Info.plist;
				INFOPLIST_KEY_UIApplicationSupportsIndirectInputEvents = YES;
				INFOPLIST_KEY_UILaunchStoryboardName = LaunchScreen;
				INFOPLIST_KEY_UISupportedInterfaceOrientations_iPad = "UIInterfaceOrientationPortrait UIInterfaceOrientationPortraitUpsideDown UIInterfaceOrientationLandscapeLeft UIInterfaceOrientationLandscapeRight";
				INFOPLIST_KEY_UISupportedInterfaceOrientations_iPhone = "UIInterfaceOrientationPortrait UIInterfaceOrientationLandscapeLeft UIInterfaceOrientationLandscapeRight";
				LD_RUNPATH_SEARCH_PATHS = (
					"$(inherited)",
					"@executable_path/Frameworks",
				);
				MARKETING_VERSION = 1.0;
				PRODUCT_BUNDLE_IDENTIFIER = tatiana.TestReznikovaTetyana;
				PRODUCT_NAME = "$(TARGET_NAME)";
				SWIFT_EMIT_LOC_STRINGS = YES;
				SWIFT_VERSION = 5.0;
				TARGETED_DEVICE_FAMILY = "1,2";
			};
			name = Release;
		};
/* End XCBuildConfiguration section */

/* Begin XCConfigurationList section */
		044EC3992C36CF7800D49617 /* Build configuration list for PBXProject "TestReznikovaTetyana" */ = {
			isa = XCConfigurationList;
			buildConfigurations = (
				044EC3B32C36CF7A00D49617 /* Debug */,
				044EC3B42C36CF7A00D49617 /* Release */,
			);
			defaultConfigurationIsVisible = 0;
			defaultConfigurationName = Release;
		};
		044EC3B52C36CF7A00D49617 /* Build configuration list for PBXNativeTarget "TestReznikovaTetyana" */ = {
			isa = XCConfigurationList;
			buildConfigurations = (
				044EC3B62C36CF7A00D49617 /* Debug */,
				044EC3B72C36CF7A00D49617 /* Release */,
			);
			defaultConfigurationIsVisible = 0;
			defaultConfigurationName = Release;
		};
/* End XCConfigurationList section */

/* Begin XCVersionGroup section */
		044EC3AA2C36CF7800D49617 /* TestReznikovaTetyana.xcdatamodeld */ = {
			isa = XCVersionGroup;
			children = (
				044EC3AB2C36CF7800D49617 /* TestReznikovaTetyana.xcdatamodel */,
			);
			currentVersion = 044EC3AB2C36CF7800D49617 /* TestReznikovaTetyana.xcdatamodel */;
			path = TestReznikovaTetyana.xcdatamodeld;
			sourceTree = "<group>";
			versionGroupType = wrapper.xcdatamodel;
		};
/* End XCVersionGroup section */
	};
	rootObject = 044EC3962C36CF7800D49617 /* Project object */;
}
